
Microsoft Visual Studio Solution File, Format Version 12.00
# Visual Studio Version 17
VisualStudioVersion = 17.0.31903.59
MinimumVisualStudioVersion = 10.0.40219.1
Project("{FAE04EC0-301F-11D3-BF4B-00C04F79EFBC}") = "ShipmentIntegration.API", "ShipmentIntegration.API\ShipmentIntegration.API.csproj", "{1EFAF82C-3F2D-4A27-8BCB-55C7D0122385}"
EndProject
Project("{FAE04EC0-301F-11D3-BF4B-00C04F79EFBC}") = "ShipmentIntegration.Domain", "ShipmentIntegration.Domain\ShipmentIntegration.Domain.csproj", "{076AADE2-99C2-45FA-A1C5-29FA56733F20}"
EndProject
Project("{FAE04EC0-301F-11D3-BF4B-00C04F79EFBC}") = "ShipmentIntegration.Application", "ShipmentIntegration.Application\ShipmentIntegration.Application.csproj", "{99399C44-D1E9-4743-BE81-39E484607EF4}"
EndProject
Global
	GlobalSection(SolutionConfigurationPlatforms) = preSolution
		Debug|Any CPU = Debug|Any CPU
		Release|Any CPU = Release|Any CPU
	EndGlobalSection
	GlobalSection(SolutionProperties) = preSolution
		HideSolutionNode = FALSE
	EndGlobalSection
	GlobalSection(ProjectConfigurationPlatforms) = postSolution
		{1EFAF82C-3F2D-4A27-8BCB-55C7D0122385}.Debug|Any CPU.ActiveCfg = Debug|Any CPU
		{1EFAF82C-3F2D-4A27-8BCB-55C7D0122385}.Debug|Any CPU.Build.0 = Debug|Any CPU
		{1EFAF82C-3F2D-4A27-8BCB-55C7D0122385}.Release|Any CPU.ActiveCfg = Release|Any CPU
		{1EFAF82C-3F2D-4A27-8BCB-55C7D0122385}.Release|Any CPU.Build.0 = Release|Any CPU
		{076AADE2-99C2-45FA-A1C5-29FA56733F20}.Debug|Any CPU.ActiveCfg = Debug|Any CPU
		{076AADE2-99C2-45FA-A1C5-29FA56733F20}.Debug|Any CPU.Build.0 = Debug|Any CPU
		{076AADE2-99C2-45FA-A1C5-29FA56733F20}.Release|Any CPU.ActiveCfg = Release|Any CPU
		{076AADE2-99C2-45FA-A1C5-29FA56733F20}.Release|Any CPU.Build.0 = Release|Any CPU
		{99399C44-D1E9-4743-BE81-39E484607EF4}.Debug|Any CPU.ActiveCfg = Debug|Any CPU
		{99399C44-D1E9-4743-BE81-39E484607EF4}.Debug|Any CPU.Build.0 = Debug|Any CPU
		{99399C44-D1E9-4743-BE81-39E484607EF4}.Release|Any CPU.ActiveCfg = Release|Any CPU
		{99399C44-D1E9-4743-BE81-39E484607EF4}.Release|Any CPU.Build.0 = Release|Any CPU
	EndGlobalSection
EndGlobal
